<Solution>
  <Project Path="Unity.Mathematics.csproj" />
  <Project Path="Unity.Burst.csproj" />
  <Project Path="Unity.VisualStudio.Editor.csproj" />
  <Project Path="UnityEngine.TestRunner.csproj" />
  <Project Path="UnityEditor.TestRunner.csproj" />
  <Project Path="Unity.Animation.Rigging.Editor.csproj" />
  <Project Path="Assembly-CSharp.csproj" />
  <Project Path="Assembly-CSharp-Editor.csproj" />
  <Project Path="Unity.Animation.Rigging.csproj" />
  <Project Path="Reactional.csproj" />
  <Project Path="Unity.Burst.Editor.csproj" />
  <Project Path="Unity.Animation.Rigging.DocCodeExamples.csproj" />
  <Project Path="Unity.Burst.CodeGen.csproj" />
  <Project Path="Unity.Mathematics.Editor.csproj" />
</Solution>
